# This file is automatically @generated by Cargo.
# It is not intended for manual editing.
version = 4

[[package]]
name = "caddis"
version = "0.1.0"

[[package]]
name = "caddis-card"
version = "0.1.0"

[[package]]
name = "caddis-core"
version = "0.1.0"

[[package]]
name = "caddis-organs"
version = "0.1.0"
dependencies = [
 "caddis-core",
]

[[package]]
name = "caddis-tree"
version = "0.1.0"
dependencies = [
 "caddis-card",
]

[[package]]
name = "caddis-voice"
version = "0.1.0"

[[package]]
name = "caddis-warden"
version = "0.1.0"
dependencies = [
 "caddis-card",
 "caddis-core",
]
